
Microsoft Visual Studio Solution File, Format Version 12.00
# Visual Studio Version 17
VisualStudioVersion = 17.14.36616.10 d17.14
MinimumVisualStudioVersion = 10.0.40219.1
Project("{FAE04EC0-301F-11D3-BF4B-00C04F79EFBC}") = "DownCastImplicitExplicit", "DownCastImplicitExplicit\DownCastImplicitExplicit.csproj", "{57FC4A18-A319-4C34-BEAA-7959C9F40CE0}"
EndProject
Global
	GlobalSection(SolutionConfigurationPlatforms) = preSolution
		Debug|Any CPU = Debug|Any CPU
		Release|Any CPU = Release|Any CPU
	EndGlobalSection
	GlobalSection(ProjectConfigurationPlatforms) = postSolution
		{57FC4A18-A319-4C34-BEAA-7959C9F40CE0}.Debug|Any CPU.ActiveCfg = Debug|Any CPU
		{57FC4A18-A319-4C34-BEAA-7959C9F40CE0}.Debug|Any CPU.Build.0 = Debug|Any CPU
		{57FC4A18-A319-4C34-BEAA-7959C9F40CE0}.Release|Any CPU.ActiveCfg = Release|Any CPU
		{57FC4A18-A319-4C34-BEAA-7959C9F40CE0}.Release|Any CPU.Build.0 = Release|Any CPU
	EndGlobalSection
	GlobalSection(SolutionProperties) = preSolution
		HideSolutionNode = FALSE
	EndGlobalSection
	GlobalSection(ExtensibilityGlobals) = postSolution
		SolutionGuid = {99E26FD3-A897-47C4-B1E4-961080731ECD}
	EndGlobalSection
EndGlobal
